// !$*UTF8*$!
{
	archiveVersion = 1;
	classes = {
	};
	objectVersion = 50;
	objects = {

/* Begin PBXBuildFile section */
		8D80FAED2328CABE00A27965 /* CategoryViewController.swift in Sources */ = {isa = PBXBuildFile; fileRef = 8D80FAEC2328CABE00A27965 /* CategoryViewController.swift */; };
		8DBB7FA02326488200C1D85E /* AppDelegate.swift in Sources */ = {isa = PBXBuildFile; fileRef = 8DBB7F9F2326488200C1D85E /* AppDelegate.swift */; };
		8DBB7FA22326488200C1D85E /* TodolistViewController.swift in Sources */ = {isa = PBXBuildFile; fileRef = 8DBB7FA12326488200C1D85E /* TodolistViewController.swift */; };
		8DBB7FA52326488200C1D85E /* Main.storyboard in Resources */ = {isa = PBXBuildFile; fileRef = 8DBB7FA32326488200C1D85E /* Main.storyboard */; };
		8DBB7FA72326488400C1D85E /* Assets.xcassets in Resources */ = {isa = PBXBuildFile; fileRef = 8DBB7FA62326488400C1D85E /* Assets.xcassets */; };
		8DBB7FAA2326488400C1D85E /* LaunchScreen.storyboard in Resources */ = {isa = PBXBuildFile; fileRef = 8DBB7FA82326488400C1D85E /* LaunchScreen.storyboard */; };
		8DCBAF1D23277736001EF4C2 /* DataModel.xcdatamodeld in Sources */ = {isa = PBXBuildFile; fileRef = 8DCBAF1B23277736001EF4C2 /* DataModel.xcdatamodeld */; };
/* End PBXBuildFile section */

/* Begin PBXFileReference section */
		8D80FAEC2328CABE00A27965 /* CategoryViewController.swift */ = {isa = PBXFileReference; lastKnownFileType = sourcecode.swift; path = CategoryViewController.swift; sourceTree = "<group>"; };
		8DBB7F9C2326488200C1D85E /* Todolist.app */ = {isa = PBXFileReference; explicitFileType = wrapper.application; includeInIndex = 0; path = Todolist.app; sourceTree = BUILT_PRODUCTS_DIR; };
		8DBB7F9F2326488200C1D85E /* AppDelegate.swift */ = {isa = PBXFileReference; lastKnownFileType = sourcecode.swift; path = AppDelegate.swift; sourceTree = "<group>"; };
		8DBB7FA12326488200C1D85E /* TodolistViewController.swift */ = {isa = PBXFileReference; lastKnownFileType = sourcecode.swift; path = TodolistViewController.swift; sourceTree = "<group>"; };
		8DBB7FA42326488200C1D85E /* Base */ = {isa = PBXFileReference; lastKnownFileType = file.storyboard; name = Base; path = Base.lproj/Main.storyboard; sourceTree = "<group>"; };
		8DBB7FA62326488400C1D85E /* Assets.xcassets */ = {isa = PBXFileReference; lastKnownFileType = folder.assetcatalog; path = Assets.xcassets; sourceTree = "<group>"; };
		8DBB7FA92326488400C1D85E /* Base */ = {isa = PBXFileReference; lastKnownFileType = file.storyboard; name = Base; path = Base.lproj/LaunchScreen.storyboard; sourceTree = "<group>"; };
		8DBB7FAB2326488400C1D85E /* Info.plist */ = {isa = PBXFileReference; lastKnownFileType = text.plist.xml; path = Info.plist; sourceTree = "<group>"; };
		8DCBAF1C23277736001EF4C2 /* DataModel.xcdatamodel */ = {isa = PBXFileReference; lastKnownFileType = wrapper.xcdatamodel; path = DataModel.xcdatamodel; sourceTree = "<group>"; };
/* End PBXFileReference section */

/* Begin PBXFrameworksBuildPhase section */
		8DBB7F992326488200C1D85E /* Frameworks */ = {
			isa = PBXFrameworksBuildPhase;
			buildActionMask = 2147483647;
			files = (
			);
			runOnlyForDeploymentPostprocessing = 0;
		};
/* End PBXFrameworksBuildPhase section */

/* Begin PBXGroup section */
		8D0330B823269FF70068BE3E /* model */ = {
			isa = PBXGroup;
			children = (
				8DCBAF1B23277736001EF4C2 /* DataModel.xcdatamodeld */,
			);
			name = model;
			sourceTree = "<group>";
		};
		8D0330B92326A0030068BE3E /* controller */ = {
			isa = PBXGroup;
			children = (
				8DBB7F9F2326488200C1D85E /* AppDelegate.swift */,
				8DBB7FA12326488200C1D85E /* TodolistViewController.swift */,
				8D80FAEC2328CABE00A27965 /* CategoryViewController.swift */,
			);
			path = controller;
			sourceTree = "<group>";
		};
		8D0330BA2326A0370068BE3E /* view */ = {
			isa = PBXGroup;
			children = (
				8DBB7FA32326488200C1D85E /* Main.storyboard */,
				8DBB7FA82326488400C1D85E /* LaunchScreen.storyboard */,
			);
			path = view;
			sourceTree = "<group>";
		};
		8D0330BB2326A0550068BE3E /* Supporting Files */ = {
			isa = PBXGroup;
			children = (
				8DBB7FAB2326488400C1D85E /* Info.plist */,
				8DBB7FA62326488400C1D85E /* Assets.xcassets */,
			);
			name = "Supporting Files";
			sourceTree = "<group>";
		};
		8DBB7F932326488200C1D85E = {
			isa = PBXGroup;
			children = (
				8DBB7F9E2326488200C1D85E /* Todolist */,
				8DBB7F9D2326488200C1D85E /* Products */,
			);
			sourceTree = "<group>";
		};
		8DBB7F9D2326488200C1D85E /* Products */ = {
			isa = PBXGroup;
			children = (
				8DBB7F9C2326488200C1D85E /* Todolist.app */,
			);
			name = Products;
			sourceTree = "<group>";
		};
		8DBB7F9E2326488200C1D85E /* Todolist */ = {
			isa = PBXGroup;
			children = (
				8D0330B92326A0030068BE3E /* controller */,
				8D0330BA2326A0370068BE3E /* view */,
				8D0330BB2326A0550068BE3E /* Supporting Files */,
				8D0330B823269FF70068BE3E /* model */,
			);
			path = Todolist;
			sourceTree = "<group>";
		};
/* End PBXGroup section */

/* Begin PBXNativeTarget section */
		8DBB7F9B2326488200C1D85E /* Todolist */ = {
			isa = PBXNativeTarget;
			buildConfigurationList = 8DBB7FAE2326488400C1D85E /* Build configuration list for PBXNativeTarget "Todolist" */;
			buildPhases = (
				8DBB7F982326488200C1D85E /* Sources */,
				8DBB7F992326488200C1D85E /* Frameworks */,
				8DBB7F9A2326488200C1D85E /* Resources */,
			);
			buildRules = (
			);
			dependencies = (
			);
			name = Todolist;
			productName = Todolist;
			productReference = 8DBB7F9C2326488200C1D85E /* Todolist.app */;
			productType = "com.apple.product-type.application";
		};
/* End PBXNativeTarget section */

/* Begin PBXProject section */
		8DBB7F942326488200C1D85E /* Project object */ = {
			isa = PBXProject;
			attributes = {
				LastSwiftUpdateCheck = 1030;
				LastUpgradeCheck = 1030;
				ORGANIZATIONNAME = "Cuong Pham";
				TargetAttributes = {
					8DBB7F9B2326488200C1D85E = {
						CreatedOnToolsVersion = 10.3;
					};
				};
			};
			buildConfigurationList = 8DBB7F972326488200C1D85E /* Build configuration list for PBXProject "Todolist" */;
			compatibilityVersion = "Xcode 9.3";
			developmentRegion = en;
			hasScannedForEncodings = 0;
			knownRegions = (
				en,
				Base,
			);
			mainGroup = 8DBB7F932326488200C1D85E;
			productRefGroup = 8DBB7F9D2326488200C1D85E /* Products */;
			projectDirPath = "";
			projectRoot = "";
			targets = (
				8DBB7F9B2326488200C1D85E /* Todolist */,
			);
		};
/* End PBXProject section */

/* Begin PBXResourcesBuildPhase section */
		8DBB7F9A2326488200C1D85E /* Resources */ = {
			isa = PBXResourcesBuildPhase;
			buildActionMask = 2147483647;
			files = (
				8DBB7FAA2326488400C1D85E /* LaunchScreen.storyboard in Resources */,
				8DBB7FA72326488400C1D85E /* Assets.xcassets in Resources */,
				8DBB7FA52326488200C1D85E /* Main.storyboard in Resources */,
			);
			runOnlyForDeploymentPostprocessing = 0;
		};
/* End PBXResourcesBuildPhase section */

/* Begin PBXSourcesBuildPhase section */
		8DBB7F982326488200C1D85E /* Sources */ = {
			isa = PBXSourcesBuildPhase;
			buildActionMask = 2147483647;
			files = (
				8D80FAED2328CABE00A27965 /* CategoryViewController.swift in Sources */,
				8DBB7FA22326488200C1D85E /* TodolistViewController.swift in Sources */,
				8DCBAF1D23277736001EF4C2 /* DataModel.xcdatamodeld in Sources */,
				8DBB7FA02326488200C1D85E /* AppDelegate.swift in Sources */,
			);
			runOnlyForDeploymentPostprocessing = 0;
		};
/* End PBXSourcesBuildPhase section */

/* Begin PBXVariantGroup section */
		8DBB7FA32326488200C1D85E /* Main.storyboard */ = {
			isa = PBXVariantGroup;
			children = (
				8DBB7FA42326488200C1D85E /* Base */,
			);
			name = Main.storyboard;
			sourceTree = "<group>";
		};
		8DBB7FA82326488400C1D85E /* LaunchScreen.storyboard */ = {
			isa = PBXVariantGroup;
			children = (
				8DBB7FA92326488400C1D85E /* Base */,
			);
			name = LaunchScreen.storyboard;
			sourceTree = "<group>";
		};
/* End PBXVariantGroup section */

/* Begin XCBuildConfiguration section */
		8DBB7FAC2326488400C1D85E /* Debug */ = {
			isa = XCBuildConfiguration;
			buildSettings = {
				ALWAYS_SEARCH_USER_PATHS = NO;
				CLANG_ANALYZER_NONNULL = YES;
				CLANG_ANALYZER_NUMBER_OBJECT_CONVERSION = YES_AGGRESSIVE;
				CLANG_CXX_LANGUAGE_STANDARD = "gnu++14";
				CLANG_CXX_LIBRARY = "libc++";
				CLANG_ENABLE_MODULES = YES;
				CLANG_ENABLE_OBJC_ARC = YES;
				CLANG_ENABLE_OBJC_WEAK = YES;
				CLANG_WARN_BLOCK_CAPTURE_AUTORELEASING = YES;
				CLANG_WARN_BOOL_CONVERSION = YES;
				CLANG_WARN_COMMA = YES;
				CLANG_WARN_CONSTANT_CONVERSION = YES;
				CLANG_WARN_DEPRECATED_OBJC_IMPLEMENTATIONS = YES;
				CLANG_WARN_DIRECT_OBJC_ISA_USAGE = YES_ERROR;
				CLANG_WARN_DOCUMENTATION_COMMENTS = YES;
				CLANG_WARN_EMPTY_BODY = YES;
				CLANG_WARN_ENUM_CONVERSION = YES;
				CLANG_WARN_INFINITE_RECURSION = YES;
				CLANG_WARN_INT_CONVERSION = YES;
				CLANG_WARN_NON_LITERAL_NULL_CONVERSION = YES;
				CLANG_WARN_OBJC_IMPLICIT_RETAIN_SELF = YES;
				CLANG_WARN_OBJC_LITERAL_CONVERSION = YES;
				CLANG_WARN_OBJC_ROOT_CLASS = YES_ERROR;
				CLANG_WARN_RANGE_LOOP_ANALYSIS = YES;
				CLANG_WARN_STRICT_PROTOTYPES = YES;
				CLANG_WARN_SUSPICIOUS_MOVE = YES;
				CLANG_WARN_UNGUARDED_AVAILABILITY = YES_AGGRESSIVE;
				CLANG_WARN_UNREACHABLE_CODE = YES;
				CLANG_WARN__DUPLICATE_METHOD_MATCH = YES;
				CODE_SIGN_IDENTITY = "iPhone Developer";
				COPY_PHASE_STRIP = NO;
				DEBUG_INFORMATION_FORMAT = dwarf;
				ENABLE_STRICT_OBJC_MSGSEND = YES;
				ENABLE_TESTABILITY = YES;
				GCC_C_LANGUAGE_STANDARD = gnu11;
				GCC_DYNAMIC_NO_PIC = NO;
				GCC_NO_COMMON_BLOCKS = YES;
				GCC_OPTIMIZATION_LEVEL = 0;
				GCC_PREPROCESSOR_DEFINITIONS = (
					"DEBUG=1",
					"$(inherited)",
				);
				GCC_WARN_64_TO_32_BIT_CONVERSION = YES;
				GCC_WARN_ABOUT_RETURN_TYPE = YES_ERROR;
				GCC_WARN_UNDECLARED_SELECTOR = YES;
				GCC_WARN_UNINITIALIZED_AUTOS = YES_AGGRESSIVE;
				GCC_WARN_UNUSED_FUNCTION = YES;
				GCC_WARN_UNUSED_VARIABLE = YES;
				IPHONEOS_DEPLOYMENT_TARGET = 12.4;
				MTL_ENABLE_DEBUG_INFO = INCLUDE_SOURCE;
				MTL_FAST_MATH = YES;
				ONLY_ACTIVE_ARCH = YES;
				SDKROOT = iphoneos;
				SWIFT_ACTIVE_COMPILATION_CONDITIONS = DEBUG;
				SWIFT_OPTIMIZATION_LEVEL = "-Onone";
			};
			name = Debug;
		};
		8DBB7FAD2326488400C1D85E /* Release */ = {
			isa = XCBuildConfiguration;
			buildSettings = {
				ALWAYS_SEARCH_USER_PATHS = NO;
				CLANG_ANALYZER_NONNULL = YES;
				CLANG_ANALYZER_NUMBER_OBJECT_CONVERSION = YES_AGGRESSIVE;
				CLANG_CXX_LANGUAGE_STANDARD = "gnu++14";
				CLANG_CXX_LIBRARY = "libc++";
				CLANG_ENABLE_MODULES = YES;
				CLANG_ENABLE_OBJC_ARC = YES;
				CLANG_ENABLE_OBJC_WEAK = YES;
				CLANG_WARN_BLOCK_CAPTURE_AUTORELEASING = YES;
				CLANG_WARN_BOOL_CONVERSION = YES;
				CLANG_WARN_COMMA = YES;
				CLANG_WARN_CONSTANT_CONVERSION = YES;
				CLANG_WARN_DEPRECATED_OBJC_IMPLEMENTATIONS = YES;
				CLANG_WARN_DIRECT_OBJC_ISA_USAGE = YES_ERROR;
				CLANG_WARN_DOCUMENTATION_COMMENTS = YES;
				CLANG_WARN_EMPTY_BODY = YES;
				CLANG_WARN_ENUM_CONVERSION = YES;
				CLANG_WARN_INFINITE_RECURSION = YES;
				CLANG_WARN_INT_CONVERSION = YES;
				CLANG_WARN_NON_LITERAL_NULL_CONVERSION = YES;
				CLANG_WARN_OBJC_IMPLICIT_RETAIN_SELF = YES;
				CLANG_WARN_OBJC_LITERAL_CONVERSION = YES;
				CLANG_WARN_OBJC_ROOT_CLASS = YES_ERROR;
				CLANG_WARN_RANGE_LOOP_ANALYSIS = YES;
				CLANG_WARN_STRICT_PROTOTYPES = YES;
				CLANG_WARN_SUSPICIOUS_MOVE = YES;
				CLANG_WARN_UNGUARDED_AVAILABILITY = YES_AGGRESSIVE;
				CLANG_WARN_UNREACHABLE_CODE = YES;
				CLANG_WARN__DUPLICATE_METHOD_MATCH = YES;
				CODE_SIGN_IDENTITY = "iPhone Developer";
				COPY_PHASE_STRIP = NO;
				DEBUG_INFORMATION_FORMAT = "dwarf-with-dsym";
				ENABLE_NS_ASSERTIONS = NO;
				ENABLE_STRICT_OBJC_MSGSEND = YES;
				GCC_C_LANGUAGE_STANDARD = gnu11;
				GCC_NO_COMMON_BLOCKS = YES;
				GCC_WARN_64_TO_32_BIT_CONVERSION = YES;
				GCC_WARN_ABOUT_RETURN_TYPE = YES_ERROR;
				GCC_WARN_UNDECLARED_SELECTOR = YES;
				GCC_WARN_UNINITIALIZED_AUTOS = YES_AGGRESSIVE;
				GCC_WARN_UNUSED_FUNCTION = YES;
				GCC_WARN_UNUSED_VARIABLE = YES;
				IPHONEOS_DEPLOYMENT_TARGET = 12.4;
				MTL_ENABLE_DEBUG_INFO = NO;
				MTL_FAST_MATH = YES;
				SDKROOT = iphoneos;
				SWIFT_COMPILATION_MODE = wholemodule;
				SWIFT_OPTIMIZATION_LEVEL = "-O";
				VALIDATE_PRODUCT = YES;
			};
			name = Release;
		};
		8DBB7FAF2326488400C1D85E /* Debug */ = {
			isa = XCBuildConfiguration;
			buildSettings = {
				ASSETCATALOG_COMPILER_APPICON_NAME = AppIcon;
				CODE_SIGN_STYLE = Automatic;
				DEVELOPMENT_TEAM = T52TSLLDVY;
				INFOPLIST_FILE = Todolist/Info.plist;
				LD_RUNPATH_SEARCH_PATHS = (
					"$(inherited)",
					"@executable_path/Frameworks",
				);
				PRODUCT_BUNDLE_IDENTIFIER = com.cuongpham.Todolist;
				PRODUCT_NAME = "$(TARGET_NAME)";
				SWIFT_VERSION = 5.0;
				TARGETED_DEVICE_FAMILY = 1;
			};
			name = Debug;
		};
		8DBB7FB02326488400C1D85E /* Release */ = {
			isa = XCBuildConfiguration;
			buildSettings = {
				ASSETCATALOG_COMPILER_APPICON_NAME = AppIcon;
				CODE_SIGN_STYLE = Automatic;
				DEVELOPMENT_TEAM = T52TSLLDVY;
				INFOPLIST_FILE = Todolist/Info.plist;
				LD_RUNPATH_SEARCH_PATHS = (
					"$(inherited)",
					"@executable_path/Frameworks",
				);
				PRODUCT_BUNDLE_IDENTIFIER = com.cuongpham.Todolist;
				PRODUCT_NAME = "$(TARGET_NAME)";
				SWIFT_VERSION = 5.0;
				TARGETED_DEVICE_FAMILY = 1;
			};
			name = Release;
		};
/* End XCBuildConfiguration section */

/* Begin XCConfigurationList section */
		8DBB7F972326488200C1D85E /* Build configuration list for PBXProject "Todolist" */ = {
			isa = XCConfigurationList;
			buildConfigurations = (
				8DBB7FAC2326488400C1D85E /* Debug */,
				8DBB7FAD2326488400C1D85E /* Release */,
			);
			defaultConfigurationIsVisible = 0;
			defaultConfigurationName = Release;
		};
		8DBB7FAE2326488400C1D85E /* Build configuration list for PBXNativeTarget "Todolist" */ = {
			isa = XCConfigurationList;
			buildConfigurations = (
				8DBB7FAF2326488400C1D85E /* Debug */,
				8DBB7FB02326488400C1D85E /* Release */,
			);
			defaultConfigurationIsVisible = 0;
			defaultConfigurationName = Release;
		};
/* End XCConfigurationList section */

/* Begin XCVersionGroup section */
		8DCBAF1B23277736001EF4C2 /* DataModel.xcdatamodeld */ = {
			isa = XCVersionGroup;
			children = (
				8DCBAF1C23277736001EF4C2 /* DataModel.xcdatamodel */,
			);
			currentVersion = 8DCBAF1C23277736001EF4C2 /* DataModel.xcdatamodel */;
			path = DataModel.xcdatamodeld;
			sourceTree = "<group>";
			versionGroupType = wrapper.xcdatamodel;
		};
/* End XCVersionGroup section */
	};
	rootObject = 8DBB7F942326488200C1D85E /* Project object */;
}
